
Microsoft Visual Studio Solution File, Format Version 12.00
# Visual Studio Version 16
VisualStudioVersion = 16.0.31129.286
MinimumVisualStudioVersion = 10.0.40219.1
Project("{9A19103F-16F7-4668-BE54-9A1E7A4F7556}") = "BooksCatalog", "BooksCatalog\BooksCatalog.csproj", "{BC51B879-7257-4890-8034-5FB46AE54169}"
EndProject
Project("{9A19103F-16F7-4668-BE54-9A1E7A4F7556}") = "Contracts", "Contracts\Contracts.csproj", "{BBD5483D-3C2A-47EC-9B85-884C39ADFDC6}"
EndProject
Project("{9A19103F-16F7-4668-BE54-9A1E7A4F7556}") = "Entities", "Entities\Entities.csproj", "{64A6686C-AB10-4F99-8066-DBCEDEE50234}"
EndProject
Project("{9A19103F-16F7-4668-BE54-9A1E7A4F7556}") = "Repository", "Repository\Repository.csproj", "{024F3F8F-F9A2-40B6-BEF2-612214717ED3}"
EndProject
Global
	GlobalSection(SolutionConfigurationPlatforms) = preSolution
		Debug|Any CPU = Debug|Any CPU
		Release|Any CPU = Release|Any CPU
	EndGlobalSection
	GlobalSection(ProjectConfigurationPlatforms) = postSolution
		{BC51B879-7257-4890-8034-5FB46AE54169}.Debug|Any CPU.ActiveCfg = Debug|Any CPU
		{BC51B879-7257-4890-8034-5FB46AE54169}.Debug|Any CPU.Build.0 = Debug|Any CPU
		{BC51B879-7257-4890-8034-5FB46AE54169}.Release|Any CPU.ActiveCfg = Release|Any CPU
		{BC51B879-7257-4890-8034-5FB46AE54169}.Release|Any CPU.Build.0 = Release|Any CPU
		{BBD5483D-3C2A-47EC-9B85-884C39ADFDC6}.Debug|Any CPU.ActiveCfg = Debug|Any CPU
		{BBD5483D-3C2A-47EC-9B85-884C39ADFDC6}.Debug|Any CPU.Build.0 = Debug|Any CPU
		{BBD5483D-3C2A-47EC-9B85-884C39ADFDC6}.Release|Any CPU.ActiveCfg = Release|Any CPU
		{BBD5483D-3C2A-47EC-9B85-884C39ADFDC6}.Release|Any CPU.Build.0 = Release|Any CPU
		{64A6686C-AB10-4F99-8066-DBCEDEE50234}.Debug|Any CPU.ActiveCfg = Debug|Any CPU
		{64A6686C-AB10-4F99-8066-DBCEDEE50234}.Debug|Any CPU.Build.0 = Debug|Any CPU
		{64A6686C-AB10-4F99-8066-DBCEDEE50234}.Release|Any CPU.ActiveCfg = Release|Any CPU
		{64A6686C-AB10-4F99-8066-DBCEDEE50234}.Release|Any CPU.Build.0 = Release|Any CPU
		{024F3F8F-F9A2-40B6-BEF2-612214717ED3}.Debug|Any CPU.ActiveCfg = Debug|Any CPU
		{024F3F8F-F9A2-40B6-BEF2-612214717ED3}.Debug|Any CPU.Build.0 = Debug|Any CPU
		{024F3F8F-F9A2-40B6-BEF2-612214717ED3}.Release|Any CPU.ActiveCfg = Release|Any CPU
		{024F3F8F-F9A2-40B6-BEF2-612214717ED3}.Release|Any CPU.Build.0 = Release|Any CPU
	EndGlobalSection
	GlobalSection(SolutionProperties) = preSolution
		HideSolutionNode = FALSE
	EndGlobalSection
	GlobalSection(ExtensibilityGlobals) = postSolution
		SolutionGuid = {D43A4B24-0A4C-459D-8934-ADBA812DDA83}
	EndGlobalSection
EndGlobal
